{
  "version": 4,
  "terraform_version": "0.14.6",
  "serial": 11,
  "lineage": "1c8e04d6-9ffc-0ea8-db13-337dcc09c2ff",
  "outputs": {},
  "resources": [
    {
      "mode": "managed",
      "type": "azurerm_network_interface",
      "name": "nic",
      "provider": "provider[\"registry.terraform.io/hashicorp/azurerm\"]",
      "instances": [
        {
          "schema_version": 0,
          "attributes": {
            "applied_dns_servers": [],
            "dns_servers": [],
            "enable_accelerated_networking": false,
            "enable_ip_forwarding": false,
            "id": "/subscriptions/e88f765a-af53-4daa-9b0b-3f99df1ae72f/resourceGroups/booking-rg/providers/Microsoft.Network/networkInterfaces/book-nic",
            "internal_dns_name_label": "",
            "internal_domain_name_suffix": "ct0dauk1tlbuxosm0e5ivxdfsd.px.internal.cloudapp.net",
            "ip_configuration": [
              {
                "name": "bookipconfig",
                "primary": true,
                "private_ip_address": "10.0.10.4",
                "private_ip_address_allocation": "Dynamic",
                "private_ip_address_version": "IPv4",
                "public_ip_address_id": "/subscriptions/e88f765a-af53-4daa-9b0b-3f99df1ae72f/resourceGroups/booking-rg/providers/Microsoft.Network/publicIPAddresses/book-ip",
                "subnet_id": "/subscriptions/e88f765a-af53-4daa-9b0b-3f99df1ae72f/resourceGroups/booking-rg/providers/Microsoft.Network/virtualNetworks/book-vnet/subnets/book-subnet"
              }
            ],
            "location": "australiaeast",
            "mac_address": "",
            "name": "book-nic",
            "private_ip_address": "10.0.10.4",
            "private_ip_addresses": [
              "10.0.10.4"
            ],
            "resource_group_name": "booking-rg",
            "tags": {},
            "timeouts": null,
            "virtual_machine_id": ""
          },
          "sensitive_attributes": [],
          "private": "eyJlMmJmYjczMC1lY2FhLTExZTYtOGY4OC0zNDM2M2JjN2M0YzAiOnsiY3JlYXRlIjoxODAwMDAwMDAwMDAwLCJkZWxldGUiOjE4MDAwMDAwMDAwMDAsInJlYWQiOjMwMDAwMDAwMDAwMCwidXBkYXRlIjoxODAwMDAwMDAwMDAwfX0=",
          "dependencies": [
            "azurerm_public_ip.pip",
            "azurerm_resource_group.rg",
            "azurerm_subnet.subnet",
            "azurerm_virtual_network.vnet"
          ]
        }
      ]
    },
    {
      "mode": "managed",
      "type": "azurerm_public_ip",
      "name": "pip",
      "provider": "provider[\"registry.terraform.io/hashicorp/azurerm\"]",
      "instances": [
        {
          "schema_version": 0,
          "attributes": {
            "allocation_method": "Dynamic",
            "domain_name_label": "bookdevops",
            "fqdn": "bookdevops.australiaeast.cloudapp.azure.com",
            "id": "/subscriptions/e88f765a-af53-4daa-9b0b-3f99df1ae72f/resourceGroups/booking-rg/providers/Microsoft.Network/publicIPAddresses/book-ip",
            "idle_timeout_in_minutes": 4,
            "ip_address": "",
            "ip_version": "IPv4",
            "location": "australiaeast",
            "name": "book-ip",
            "public_ip_prefix_id": null,
            "resource_group_name": "booking-rg",
            "reverse_fqdn": "",
            "sku": "Basic",
            "tags": {},
            "timeouts": null,
            "zones": []
          },
          "sensitive_attributes": [],
          "private": "eyJlMmJmYjczMC1lY2FhLTExZTYtOGY4OC0zNDM2M2JjN2M0YzAiOnsiY3JlYXRlIjoxODAwMDAwMDAwMDAwLCJkZWxldGUiOjE4MDAwMDAwMDAwMDAsInJlYWQiOjMwMDAwMDAwMDAwMCwidXBkYXRlIjoxODAwMDAwMDAwMDAwfX0=",
          "dependencies": [
            "azurerm_resource_group.rg"
          ]
        }
      ]
    },
    {
      "mode": "managed",
      "type": "azurerm_resource_group",
      "name": "rg",
      "provider": "provider[\"registry.terraform.io/hashicorp/azurerm\"]",
      "instances": [
        {
          "schema_version": 0,
          "attributes": {
            "id": "/subscriptions/e88f765a-af53-4daa-9b0b-3f99df1ae72f/resourceGroups/booking-rg",
            "location": "australiaeast",
            "name": "booking-rg",
            "tags": {
              "environment": "Terraform Azure"
            },
            "timeouts": null
          },
          "sensitive_attributes": [],
          "private": "eyJlMmJmYjczMC1lY2FhLTExZTYtOGY4OC0zNDM2M2JjN2M0YzAiOnsiY3JlYXRlIjo1NDAwMDAwMDAwMDAwLCJkZWxldGUiOjU0MDAwMDAwMDAwMDAsInJlYWQiOjMwMDAwMDAwMDAwMCwidXBkYXRlIjo1NDAwMDAwMDAwMDAwfX0="
        }
      ]
    },
    {
      "mode": "managed",
      "type": "azurerm_storage_account",
      "name": "store",
      "provider": "provider[\"registry.terraform.io/hashicorp/azurerm\"]",
      "instances": [
        {
          "schema_version": 2,
          "attributes": {
            "access_tier": "Hot",
            "account_kind": "StorageV2",
            "account_replication_type": "LRS",
            "account_tier": "Standard",
            "allow_blob_public_access": false,
            "blob_properties": [],
            "custom_domain": [],
            "enable_https_traffic_only": true,
            "id": "/subscriptions/e88f765a-af53-4daa-9b0b-3f99df1ae72f/resourceGroups/booking-rg/providers/Microsoft.Storage/storageAccounts/bookstore1",
            "identity": [],
            "is_hns_enabled": false,
            "large_file_share_enabled": null,
            "location": "australiaeast",
            "min_tls_version": "TLS1_0",
            "name": "bookstore1",
            "network_rules": [
              {
                "bypass": [
                  "AzureServices"
                ],
                "default_action": "Allow",
                "ip_rules": [],
                "virtual_network_subnet_ids": []
              }
            ],
            "primary_access_key": "/iOJLxzpiRr93auvpR5EwWt+Vg97kLhQkmyCkdKMiQR+N5GoIhJ0rfHkxo2UIS7+byvaLOEm6QWTLyMCkaRF+w==",
            "primary_blob_connection_string": "DefaultEndpointsProtocol=https;BlobEndpoint=https://bookstore1.blob.core.windows.net/;AccountName=bookstore1;AccountKey=/iOJLxzpiRr93auvpR5EwWt+Vg97kLhQkmyCkdKMiQR+N5GoIhJ0rfHkxo2UIS7+byvaLOEm6QWTLyMCkaRF+w==",
            "primary_blob_endpoint": "https://bookstore1.blob.core.windows.net/",
            "primary_blob_host": "bookstore1.blob.core.windows.net",
            "primary_connection_string": "DefaultEndpointsProtocol=https;AccountName=bookstore1;AccountKey=/iOJLxzpiRr93auvpR5EwWt+Vg97kLhQkmyCkdKMiQR+N5GoIhJ0rfHkxo2UIS7+byvaLOEm6QWTLyMCkaRF+w==;EndpointSuffix=core.windows.net",
            "primary_dfs_endpoint": "https://bookstore1.dfs.core.windows.net/",
            "primary_dfs_host": "bookstore1.dfs.core.windows.net",
            "primary_file_endpoint": "https://bookstore1.file.core.windows.net/",
            "primary_file_host": "bookstore1.file.core.windows.net",
            "primary_location": "australiaeast",
            "primary_queue_endpoint": "https://bookstore1.queue.core.windows.net/",
            "primary_queue_host": "bookstore1.queue.core.windows.net",
            "primary_table_endpoint": "https://bookstore1.table.core.windows.net/",
            "primary_table_host": "bookstore1.table.core.windows.net",
            "primary_web_endpoint": "https://bookstore1.z8.web.core.windows.net/",
            "primary_web_host": "bookstore1.z8.web.core.windows.net",
            "queue_properties": [
              {
                "cors_rule": [],
                "hour_metrics": [
                  {
                    "enabled": true,
                    "include_apis": true,
                    "retention_policy_days": 7,
                    "version": "1.0"
                  }
                ],
                "logging": [
                  {
                    "delete": false,
                    "read": false,
                    "retention_policy_days": 0,
                    "version": "1.0",
                    "write": false
                  }
                ],
                "minute_metrics": [
                  {
                    "enabled": false,
                    "include_apis": false,
                    "retention_policy_days": 0,
                    "version": "1.0"
                  }
                ]
              }
            ],
            "resource_group_name": "booking-rg",
            "secondary_access_key": "mlE+jjgz9zLSddWOYDhuUMaytrL9hXv2Azb46oWmuKlKpNfkz3znn3/4OSrFVZRHRTSuOUjCYc/VOMCEYKHf/g==",
            "secondary_blob_connection_string": "",
            "secondary_blob_endpoint": null,
            "secondary_blob_host": null,
            "secondary_connection_string": "DefaultEndpointsProtocol=https;AccountName=bookstore1;AccountKey=mlE+jjgz9zLSddWOYDhuUMaytrL9hXv2Azb46oWmuKlKpNfkz3znn3/4OSrFVZRHRTSuOUjCYc/VOMCEYKHf/g==;EndpointSuffix=core.windows.net",
            "secondary_dfs_endpoint": null,
            "secondary_dfs_host": null,
            "secondary_file_endpoint": null,
            "secondary_file_host": null,
            "secondary_location": "",
            "secondary_queue_endpoint": null,
            "secondary_queue_host": null,
            "secondary_table_endpoint": null,
            "secondary_table_host": null,
            "secondary_web_endpoint": null,
            "secondary_web_host": null,
            "static_website": [],
            "tags": {},
            "timeouts": null
          },
          "sensitive_attributes": [],
          "private": "eyJlMmJmYjczMC1lY2FhLTExZTYtOGY4OC0zNDM2M2JjN2M0YzAiOnsiY3JlYXRlIjozNjAwMDAwMDAwMDAwLCJkZWxldGUiOjM2MDAwMDAwMDAwMDAsInJlYWQiOjMwMDAwMDAwMDAwMCwidXBkYXRlIjozNjAwMDAwMDAwMDAwfSwic2NoZW1hX3ZlcnNpb24iOiIyIn0=",
          "dependencies": [
            "azurerm_resource_group.rg"
          ]
        }
      ]
    },
    {
      "mode": "managed",
      "type": "azurerm_subnet",
      "name": "subnet",
      "provider": "provider[\"registry.terraform.io/hashicorp/azurerm\"]",
      "instances": [
        {
          "schema_version": 0,
          "attributes": {
            "address_prefix": "10.0.10.0/24",
            "address_prefixes": [
              "10.0.10.0/24"
            ],
            "delegation": [],
            "enforce_private_link_endpoint_network_policies": false,
            "enforce_private_link_service_network_policies": false,
            "id": "/subscriptions/e88f765a-af53-4daa-9b0b-3f99df1ae72f/resourceGroups/booking-rg/providers/Microsoft.Network/virtualNetworks/book-vnet/subnets/book-subnet",
            "name": "book-subnet",
            "resource_group_name": "booking-rg",
            "service_endpoint_policy_ids": [],
            "service_endpoints": [],
            "timeouts": null,
            "virtual_network_name": "book-vnet"
          },
          "sensitive_attributes": [],
          "private": "eyJlMmJmYjczMC1lY2FhLTExZTYtOGY4OC0zNDM2M2JjN2M0YzAiOnsiY3JlYXRlIjoxODAwMDAwMDAwMDAwLCJkZWxldGUiOjE4MDAwMDAwMDAwMDAsInJlYWQiOjMwMDAwMDAwMDAwMCwidXBkYXRlIjoxODAwMDAwMDAwMDAwfX0=",
          "dependencies": [
            "azurerm_resource_group.rg",
            "azurerm_virtual_network.vnet"
          ]
        }
      ]
    },
    {
      "mode": "managed",
      "type": "azurerm_virtual_machine",
      "name": "vm",
      "provider": "provider[\"registry.terraform.io/hashicorp/azurerm\"]",
      "instances": [
        {
          "schema_version": 0,
          "attributes": {
            "additional_capabilities": [],
            "availability_set_id": null,
            "boot_diagnostics": [
              {
                "enabled": true,
                "storage_uri": "https://bookstore1.blob.core.windows.net/"
              }
            ],
            "delete_data_disks_on_termination": false,
            "delete_os_disk_on_termination": false,
            "id": "/subscriptions/e88f765a-af53-4daa-9b0b-3f99df1ae72f/resourceGroups/booking-rg/providers/Microsoft.Compute/virtualMachines/bookvm",
            "identity": [],
            "license_type": null,
            "location": "australiaeast",
            "name": "bookvm",
            "network_interface_ids": [
              "/subscriptions/e88f765a-af53-4daa-9b0b-3f99df1ae72f/resourceGroups/booking-rg/providers/Microsoft.Network/networkInterfaces/book-nic"
            ],
            "os_profile": [
              {
                "admin_password": "",
                "admin_username": "local_admin",
                "computer_name": "VMBOOK",
                "custom_data": ""
              }
            ],
            "os_profile_linux_config": [
              {
                "disable_password_authentication": false,
                "ssh_keys": []
              }
            ],
            "os_profile_secrets": [],
            "os_profile_windows_config": [],
            "plan": [],
            "primary_network_interface_id": null,
            "proximity_placement_group_id": null,
            "resource_group_name": "booking-rg",
            "storage_data_disk": [],
            "storage_image_reference": [
              {
                "id": "",
                "offer": "UbuntuServer",
                "publisher": "Canonical",
                "sku": "16.04-LTS",
                "version": "latest"
              }
            ],
            "storage_os_disk": [
              {
                "caching": "ReadWrite",
                "create_option": "FromImage",
                "disk_size_gb": 30,
                "image_uri": "",
                "managed_disk_id": "/subscriptions/e88f765a-af53-4daa-9b0b-3f99df1ae72f/resourceGroups/booking-rg/providers/Microsoft.Compute/disks/book-osdisk",
                "managed_disk_type": "Standard_LRS",
                "name": "book-osdisk",
                "os_type": "Linux",
                "vhd_uri": "",
                "write_accelerator_enabled": false
              }
            ],
            "tags": null,
            "timeouts": null,
            "vm_size": "Standard_DS1_v2",
            "zones": null
          },
          "sensitive_attributes": [],
          "private": "eyJlMmJmYjczMC1lY2FhLTExZTYtOGY4OC0zNDM2M2JjN2M0YzAiOnsiY3JlYXRlIjozNjAwMDAwMDAwMDAwLCJkZWxldGUiOjM2MDAwMDAwMDAwMDAsInJlYWQiOjMwMDAwMDAwMDAwMCwidXBkYXRlIjozNjAwMDAwMDAwMDAwfX0=",
          "dependencies": [
            "azurerm_network_interface.nic",
            "azurerm_resource_group.rg",
            "azurerm_storage_account.store"
          ]
        }
      ]
    },
    {
      "mode": "managed",
      "type": "azurerm_virtual_network",
      "name": "vnet",
      "provider": "provider[\"registry.terraform.io/hashicorp/azurerm\"]",
      "instances": [
        {
          "schema_version": 0,
          "attributes": {
            "address_space": [
              "10.0.0.0/16"
            ],
            "bgp_community": "",
            "ddos_protection_plan": [],
            "dns_servers": [],
            "guid": "5130f414-9a5b-4bc3-ba4c-d13e8adc6593",
            "id": "/subscriptions/e88f765a-af53-4daa-9b0b-3f99df1ae72f/resourceGroups/booking-rg/providers/Microsoft.Network/virtualNetworks/book-vnet",
            "location": "australiaeast",
            "name": "book-vnet",
            "resource_group_name": "booking-rg",
            "subnet": [
              {
                "address_prefix": "10.0.10.0/24",
                "id": "/subscriptions/e88f765a-af53-4daa-9b0b-3f99df1ae72f/resourceGroups/booking-rg/providers/Microsoft.Network/virtualNetworks/book-vnet/subnets/book-subnet",
                "name": "book-subnet",
                "security_group": ""
              }
            ],
            "tags": {},
            "timeouts": null,
            "vm_protection_enabled": false
          },
          "sensitive_attributes": [],
          "private": "eyJlMmJmYjczMC1lY2FhLTExZTYtOGY4OC0zNDM2M2JjN2M0YzAiOnsiY3JlYXRlIjoxODAwMDAwMDAwMDAwLCJkZWxldGUiOjE4MDAwMDAwMDAwMDAsInJlYWQiOjMwMDAwMDAwMDAwMCwidXBkYXRlIjoxODAwMDAwMDAwMDAwfX0=",
          "dependencies": [
            "azurerm_resource_group.rg"
          ]
        }
      ]
    }
  ]
}
